
Microsoft Visual Studio Solution File, Format Version 12.00
# Visual Studio Version 17
VisualStudioVersion = 17.10.35122.118
MinimumVisualStudioVersion = 10.0.40219.1
Project("{FAE04EC0-301F-11D3-BF4B-00C04F79EFBC}") = "Portal.Shared", "Portal.Shared.csproj", "{87965127-028A-423A-8002-BA4220B622C4}"
EndProject
Global
	GlobalSection(SolutionConfigurationPlatforms) = preSolution
		Debug|Any CPU = Debug|Any CPU
		Release|Any CPU = Release|Any CPU
	EndGlobalSection
	GlobalSection(ProjectConfigurationPlatforms) = postSolution
		{87965127-028A-423A-8002-BA4220B622C4}.Debug|Any CPU.ActiveCfg = Debug|Any CPU
		{87965127-028A-423A-8002-BA4220B622C4}.Debug|Any CPU.Build.0 = Debug|Any CPU
		{87965127-028A-423A-8002-BA4220B622C4}.Release|Any CPU.ActiveCfg = Release|Any CPU
		{87965127-028A-423A-8002-BA4220B622C4}.Release|Any CPU.Build.0 = Release|Any CPU
	EndGlobalSection
	GlobalSection(SolutionProperties) = preSolution
		HideSolutionNode = FALSE
	EndGlobalSection
	GlobalSection(ExtensibilityGlobals) = postSolution
		SolutionGuid = {BC3B1917-50F0-48E3-B885-80A55AE2CD97}
	EndGlobalSection
EndGlobal
